
Microsoft Visual Studio Solution File, Format Version 12.00
# Visual Studio 15
VisualStudioVersion = 15.0.26403.7
MinimumVisualStudioVersion = 10.0.40219.1
Project("{FAE04EC0-301F-11D3-BF4B-00C04F79EFBC}") = "RoadRunner.APIAI", "RoadRunner.APIAI\RoadRunner.APIAI.csproj", "{923375B8-454B-4E20-A1A1-092435DD5CB4}"
EndProject
Project("{FAE04EC0-301F-11D3-BF4B-00C04F79EFBC}") = "RoadRunner.GoogleAPIIntegration", "RoadRunner.GoogleAPIIntegration\RoadRunner.GoogleAPIIntegration.csproj", "{43C98CEA-5554-4528-BBDC-A16F6DF6490F}"
EndProject
Project("{FAE04EC0-301F-11D3-BF4B-00C04F79EFBC}") = "RoadRunner", "RoadRunner\RoadRunner.csproj", "{970A9FD4-F1AE-4007-A7D0-D37F7216A106}"
EndProject
Global
	GlobalSection(SolutionConfigurationPlatforms) = preSolution
		Debug|Any CPU = Debug|Any CPU
		Release|Any CPU = Release|Any CPU
	EndGlobalSection
	GlobalSection(ProjectConfigurationPlatforms) = postSolution
		{923375B8-454B-4E20-A1A1-092435DD5CB4}.Debug|Any CPU.ActiveCfg = Debug|Any CPU
		{923375B8-454B-4E20-A1A1-092435DD5CB4}.Debug|Any CPU.Build.0 = Debug|Any CPU
		{923375B8-454B-4E20-A1A1-092435DD5CB4}.Release|Any CPU.ActiveCfg = Release|Any CPU
		{923375B8-454B-4E20-A1A1-092435DD5CB4}.Release|Any CPU.Build.0 = Release|Any CPU
		{43C98CEA-5554-4528-BBDC-A16F6DF6490F}.Debug|Any CPU.ActiveCfg = Debug|Any CPU
		{43C98CEA-5554-4528-BBDC-A16F6DF6490F}.Debug|Any CPU.Build.0 = Debug|Any CPU
		{43C98CEA-5554-4528-BBDC-A16F6DF6490F}.Release|Any CPU.ActiveCfg = Release|Any CPU
		{43C98CEA-5554-4528-BBDC-A16F6DF6490F}.Release|Any CPU.Build.0 = Release|Any CPU
		{970A9FD4-F1AE-4007-A7D0-D37F7216A106}.Debug|Any CPU.ActiveCfg = Debug|Any CPU
		{970A9FD4-F1AE-4007-A7D0-D37F7216A106}.Debug|Any CPU.Build.0 = Debug|Any CPU
		{970A9FD4-F1AE-4007-A7D0-D37F7216A106}.Release|Any CPU.ActiveCfg = Release|Any CPU
		{970A9FD4-F1AE-4007-A7D0-D37F7216A106}.Release|Any CPU.Build.0 = Release|Any CPU
	EndGlobalSection
	GlobalSection(SolutionProperties) = preSolution
		HideSolutionNode = FALSE
	EndGlobalSection
EndGlobal
